Microsoft Visual Studio Solution File, Format Version 12.00
# Visual Studio Version 17
VisualStudioVersion = 17.0.31903.59
MinimumVisualStudioVersion = 10.0.40219.1
Project("{2150E333-8FDC-42A3-9474-1A3956D46DE8}") = "src", "src", "{A1111111-1111-1111-1111-111111111111}"
EndProject
Project("{2150E333-8FDC-42A3-9474-1A3956D46DE8}") = "tests", "tests", "{B2222222-2222-2222-2222-222222222222}"
EndProject
Project("{2150E333-8FDC-42A3-9474-1A3956D46DE8}") = "Services", "Services", "{C3333333-3333-3333-3333-333333333333}"
EndProject
Project("{FAE04EC0-301F-11D3-BF4B-00C04F79EFBC}") = "Gateway", "src\Gateway\Gateway.csproj", "{D4444444-4444-4444-4444-444444444444}"
EndProject
Project("{2150E333-8FDC-42A3-9474-1A3956D46DE8}") = "Journey", "Journey", "{E5555555-5555-5555-5555-555555555555}"
EndProject
Project("{FAE04EC0-301F-11D3-BF4B-00C04F79EFBC}") = "Journey.Domain", "src\Services\Journey\Journey.Domain\Journey.Domain.csproj", "{F6666666-6666-6666-6666-666666666666}"
EndProject
Project("{FAE04EC0-301F-11D3-BF4B-00C04F79EFBC}") = "Journey.Application", "src\Services\Journey\Journey.Application\Journey.Application.csproj", "{10777777-7777-7777-7777-777777777777}"
EndProject
Project("{FAE04EC0-301F-11D3-BF4B-00C04F79EFBC}") = "Journey.Infrastructure", "src\Services\Journey\Journey.Infrastructure\Journey.Infrastructure.csproj", "{11888888-8888-8888-8888-888888888888}"
EndProject
Project("{FAE04EC0-301F-11D3-BF4B-00C04F79EFBC}") = "Journey.API", "src\Services\Journey\Journey.API\Journey.API.csproj", "{12999999-9999-9999-9999-999999999999}"
EndProject
Project("{2150E333-8FDC-42A3-9474-1A3956D46DE8}") = "Notification", "Notification", "{13AAAAAA-AAAA-AAAA-AAAA-AAAAAAAAAAAA}"
EndProject
Project("{FAE04EC0-301F-11D3-BF4B-00C04F79EFBC}") = "Notification.Domain", "src\Services\Notification\Notification.Domain\Notification.Domain.csproj", "{14BBBBBB-BBBB-BBBB-BBBB-BBBBBBBBBBBB}"
EndProject
Project("{FAE04EC0-301F-11D3-BF4B-00C04F79EFBC}") = "Notification.Application", "src\Services\Notification\Notification.Application\Notification.Application.csproj", "{15CCCCCC-CCCC-CCCC-CCCC-CCCCCCCCCCCC}"
EndProject
Project("{FAE04EC0-301F-11D3-BF4B-00C04F79EFBC}") = "Notification.Infrastructure", "src\Services\Notification\Notification.Infrastructure\Notification.Infrastructure.csproj", "{16DDDDDD-DDDD-DDDD-DDDD-DDDDDDDDDDDD}"
EndProject
Project("{FAE04EC0-301F-11D3-BF4B-00C04F79EFBC}") = "Notification.API", "src\Services\Notification\Notification.API\Notification.API.csproj", "{17EEEEEE-EEEE-EEEE-EEEE-EEEEEEEEEEEE}"
EndProject
Project("{2150E333-8FDC-42A3-9474-1A3956D46DE8}") = "Reward", "Reward", "{18FFFFFF-FFFF-FFFF-FFFF-FFFFFFFFFFFF}"
EndProject
Project("{FAE04EC0-301F-11D3-BF4B-00C04F79EFBC}") = "Reward.Domain", "src\Services\Reward\Reward.Domain\Reward.Domain.csproj", "{19000000-0000-0000-0000-000000000001}"
EndProject
Project("{FAE04EC0-301F-11D3-BF4B-00C04F79EFBC}") = "Reward.Application", "src\Services\Reward\Reward.Application\Reward.Application.csproj", "{19000000-0000-0000-0000-000000000002}"
EndProject
Project("{FAE04EC0-301F-11D3-BF4B-00C04F79EFBC}") = "Reward.Infrastructure", "src\Services\Reward\Reward.Infrastructure\Reward.Infrastructure.csproj", "{19000000-0000-0000-0000-000000000003}"
EndProject
Project("{FAE04EC0-301F-11D3-BF4B-00C04F79EFBC}") = "Reward.Worker", "src\Services\Reward\Reward.Worker\Reward.Worker.csproj", "{19000000-0000-0000-0000-000000000004}"
EndProject
Project("{2150E333-8FDC-42A3-9474-1A3956D46DE8}") = "Shared", "Shared", "{20000000-0000-0000-0000-000000000001}"
EndProject
Project("{FAE04EC0-301F-11D3-BF4B-00C04F79EFBC}") = "Shared.Common", "src\Shared\Shared.Common\Shared.Common.csproj", "{20000000-0000-0000-0000-000000000002}"
EndProject
Project("{FAE04EC0-301F-11D3-BF4B-00C04F79EFBC}") = "Shared.Messaging", "src\Shared\Shared.Messaging\Shared.Messaging.csproj", "{20000000-0000-0000-0000-000000000003}"
EndProject
Project("{FAE04EC0-301F-11D3-BF4B-00C04F79EFBC}") = "Journey.UnitTests", "tests\Journey.UnitTests\Journey.UnitTests.csproj", "{30000000-0000-0000-0000-000000000001}"
EndProject
Project("{FAE04EC0-301F-11D3-BF4B-00C04F79EFBC}") = "Journey.IntegrationTests", "tests\Journey.IntegrationTests\Journey.IntegrationTests.csproj", "{30000000-0000-0000-0000-000000000002}"
EndProject
Project("{FAE04EC0-301F-11D3-BF4B-00C04F79EFBC}") = "Notification.UnitTests", "tests\Notification.UnitTests\Notification.UnitTests.csproj", "{30000000-0000-0000-0000-000000000003}"
EndProject
Project("{FAE04EC0-301F-11D3-BF4B-00C04F79EFBC}") = "Reward.UnitTests", "tests\Reward.UnitTests\Reward.UnitTests.csproj", "{30000000-0000-0000-0000-000000000004}"
EndProject
Project("{FAE04EC0-301F-11D3-BF4B-00C04F79EFBC}") = "Notification.IntegrationTests", "tests\Notification.IntegrationTests\Notification.IntegrationTests.csproj", "{30000000-0000-0000-0000-000000000006}"
EndProject
Global
	GlobalSection(SolutionConfigurationPlatforms) = preSolution
		Debug|Any CPU = Debug|Any CPU
		Release|Any CPU = Release|Any CPU
	EndGlobalSection
	GlobalSection(ProjectConfigurationPlatforms) = postSolution
		{D4444444-4444-4444-4444-444444444444}.Debug|Any CPU.ActiveCfg = Debug|Any CPU
		{D4444444-4444-4444-4444-444444444444}.Debug|Any CPU.Build.0 = Debug|Any CPU
		{D4444444-4444-4444-4444-444444444444}.Release|Any CPU.ActiveCfg = Release|Any CPU
		{D4444444-4444-4444-4444-444444444444}.Release|Any CPU.Build.0 = Release|Any CPU
		{F6666666-6666-6666-6666-666666666666}.Debug|Any CPU.ActiveCfg = Debug|Any CPU
		{F6666666-6666-6666-6666-666666666666}.Debug|Any CPU.Build.0 = Debug|Any CPU
		{F6666666-6666-6666-6666-666666666666}.Release|Any CPU.ActiveCfg = Release|Any CPU
		{F6666666-6666-6666-6666-666666666666}.Release|Any CPU.Build.0 = Release|Any CPU
		{10777777-7777-7777-7777-777777777777}.Debug|Any CPU.ActiveCfg = Debug|Any CPU
		{10777777-7777-7777-7777-777777777777}.Debug|Any CPU.Build.0 = Debug|Any CPU
		{10777777-7777-7777-7777-777777777777}.Release|Any CPU.ActiveCfg = Release|Any CPU
		{10777777-7777-7777-7777-777777777777}.Release|Any CPU.Build.0 = Release|Any CPU
		{11888888-8888-8888-8888-888888888888}.Debug|Any CPU.ActiveCfg = Debug|Any CPU
		{11888888-8888-8888-8888-888888888888}.Debug|Any CPU.Build.0 = Debug|Any CPU
		{11888888-8888-8888-8888-888888888888}.Release|Any CPU.ActiveCfg = Release|Any CPU
		{11888888-8888-8888-8888-888888888888}.Release|Any CPU.Build.0 = Release|Any CPU
		{12999999-9999-9999-9999-999999999999}.Debug|Any CPU.ActiveCfg = Debug|Any CPU
		{12999999-9999-9999-9999-999999999999}.Debug|Any CPU.Build.0 = Debug|Any CPU
		{12999999-9999-9999-9999-999999999999}.Release|Any CPU.ActiveCfg = Release|Any CPU
		{12999999-9999-9999-9999-999999999999}.Release|Any CPU.Build.0 = Release|Any CPU
		{14BBBBBB-BBBB-BBBB-BBBB-BBBBBBBBBBBB}.Debug|Any CPU.ActiveCfg = Debug|Any CPU
		{14BBBBBB-BBBB-BBBB-BBBB-BBBBBBBBBBBB}.Debug|Any CPU.Build.0 = Debug|Any CPU
		{14BBBBBB-BBBB-BBBB-BBBB-BBBBBBBBBBBB}.Release|Any CPU.ActiveCfg = Release|Any CPU
		{14BBBBBB-BBBB-BBBB-BBBB-BBBBBBBBBBBB}.Release|Any CPU.Build.0 = Release|Any CPU
		{15CCCCCC-CCCC-CCCC-CCCC-CCCCCCCCCCCC}.Debug|Any CPU.ActiveCfg = Debug|Any CPU
		{15CCCCCC-CCCC-CCCC-CCCC-CCCCCCCCCCCC}.Debug|Any CPU.Build.0 = Debug|Any CPU
		{15CCCCCC-CCCC-CCCC-CCCC-CCCCCCCCCCCC}.Release|Any CPU.ActiveCfg = Release|Any CPU
		{15CCCCCC-CCCC-CCCC-CCCC-CCCCCCCCCCCC}.Release|Any CPU.Build.0 = Release|Any CPU
		{16DDDDDD-DDDD-DDDD-DDDD-DDDDDDDDDDDD}.Debug|Any CPU.ActiveCfg = Debug|Any CPU
		{16DDDDDD-DDDD-DDDD-DDDD-DDDDDDDDDDDD}.Debug|Any CPU.Build.0 = Debug|Any CPU
		{16DDDDDD-DDDD-DDDD-DDDD-DDDDDDDDDDDD}.Release|Any CPU.ActiveCfg = Release|Any CPU
		{16DDDDDD-DDDD-DDDD-DDDD-DDDDDDDDDDDD}.Release|Any CPU.Build.0 = Release|Any CPU
		{17EEEEEE-EEEE-EEEE-EEEE-EEEEEEEEEEEE}.Debug|Any CPU.ActiveCfg = Debug|Any CPU
		{17EEEEEE-EEEE-EEEE-EEEE-EEEEEEEEEEEE}.Debug|Any CPU.Build.0 = Debug|Any CPU
		{17EEEEEE-EEEE-EEEE-EEEE-EEEEEEEEEEEE}.Release|Any CPU.ActiveCfg = Release|Any CPU
		{17EEEEEE-EEEE-EEEE-EEEE-EEEEEEEEEEEE}.Release|Any CPU.Build.0 = Release|Any CPU
		{19000000-0000-0000-0000-000000000001}.Debug|Any CPU.ActiveCfg = Debug|Any CPU
		{19000000-0000-0000-0000-000000000001}.Debug|Any CPU.Build.0 = Debug|Any CPU
		{19000000-0000-0000-0000-000000000001}.Release|Any CPU.ActiveCfg = Release|Any CPU
		{19000000-0000-0000-0000-000000000001}.Release|Any CPU.Build.0 = Release|Any CPU
		{19000000-0000-0000-0000-000000000002}.Debug|Any CPU.ActiveCfg = Debug|Any CPU
		{19000000-0000-0000-0000-000000000002}.Debug|Any CPU.Build.0 = Debug|Any CPU
		{19000000-0000-0000-0000-000000000002}.Release|Any CPU.ActiveCfg = Release|Any CPU
		{19000000-0000-0000-0000-000000000002}.Release|Any CPU.Build.0 = Release|Any CPU
		{19000000-0000-0000-0000-000000000003}.Debug|Any CPU.ActiveCfg = Debug|Any CPU
		{19000000-0000-0000-0000-000000000003}.Debug|Any CPU.Build.0 = Debug|Any CPU
		{19000000-0000-0000-0000-000000000003}.Release|Any CPU.ActiveCfg = Release|Any CPU
		{19000000-0000-0000-0000-000000000003}.Release|Any CPU.Build.0 = Release|Any CPU
		{19000000-0000-0000-0000-000000000004}.Debug|Any CPU.ActiveCfg = Debug|Any CPU
		{19000000-0000-0000-0000-000000000004}.Debug|Any CPU.Build.0 = Debug|Any CPU
		{19000000-0000-0000-0000-000000000004}.Release|Any CPU.ActiveCfg = Release|Any CPU
		{19000000-0000-0000-0000-000000000004}.Release|Any CPU.Build.0 = Release|Any CPU
		{20000000-0000-0000-0000-000000000002}.Debug|Any CPU.ActiveCfg = Debug|Any CPU
		{20000000-0000-0000-0000-000000000002}.Debug|Any CPU.Build.0 = Debug|Any CPU
		{20000000-0000-0000-0000-000000000002}.Release|Any CPU.ActiveCfg = Release|Any CPU
		{20000000-0000-0000-0000-000000000002}.Release|Any CPU.Build.0 = Release|Any CPU
		{20000000-0000-0000-0000-000000000003}.Debug|Any CPU.ActiveCfg = Debug|Any CPU
		{20000000-0000-0000-0000-000000000003}.Debug|Any CPU.Build.0 = Debug|Any CPU
		{20000000-0000-0000-0000-000000000003}.Release|Any CPU.ActiveCfg = Release|Any CPU
		{20000000-0000-0000-0000-000000000003}.Release|Any CPU.Build.0 = Release|Any CPU
		{30000000-0000-0000-0000-000000000001}.Debug|Any CPU.ActiveCfg = Debug|Any CPU
		{30000000-0000-0000-0000-000000000001}.Debug|Any CPU.Build.0 = Debug|Any CPU
		{30000000-0000-0000-0000-000000000001}.Release|Any CPU.ActiveCfg = Release|Any CPU
		{30000000-0000-0000-0000-000000000001}.Release|Any CPU.Build.0 = Release|Any CPU
		{30000000-0000-0000-0000-000000000002}.Debug|Any CPU.ActiveCfg = Debug|Any CPU
		{30000000-0000-0000-0000-000000000002}.Debug|Any CPU.Build.0 = Debug|Any CPU
		{30000000-0000-0000-0000-000000000002}.Release|Any CPU.ActiveCfg = Release|Any CPU
		{30000000-0000-0000-0000-000000000002}.Release|Any CPU.Build.0 = Release|Any CPU
		{30000000-0000-0000-0000-000000000003}.Debug|Any CPU.ActiveCfg = Debug|Any CPU
		{30000000-0000-0000-0000-000000000003}.Debug|Any CPU.Build.0 = Debug|Any CPU
		{30000000-0000-0000-0000-000000000003}.Release|Any CPU.ActiveCfg = Release|Any CPU
		{30000000-0000-0000-0000-000000000003}.Release|Any CPU.Build.0 = Release|Any CPU
		{30000000-0000-0000-0000-000000000004}.Debug|Any CPU.ActiveCfg = Debug|Any CPU
		{30000000-0000-0000-0000-000000000004}.Debug|Any CPU.Build.0 = Debug|Any CPU
		{30000000-0000-0000-0000-000000000004}.Release|Any CPU.ActiveCfg = Release|Any CPU
		{30000000-0000-0000-0000-000000000004}.Release|Any CPU.Build.0 = Release|Any CPU
		{30000000-0000-0000-0000-000000000006}.Debug|Any CPU.ActiveCfg = Debug|Any CPU
		{30000000-0000-0000-0000-000000000006}.Debug|Any CPU.Build.0 = Debug|Any CPU
		{30000000-0000-0000-0000-000000000006}.Release|Any CPU.ActiveCfg = Release|Any CPU
		{30000000-0000-0000-0000-000000000006}.Release|Any CPU.Build.0 = Release|Any CPU
	EndGlobalSection
	GlobalSection(SolutionProperties) = preSolution
		HideSolutionNode = FALSE
	EndGlobalSection
	GlobalSection(NestedProjects) = preSolution
		{C3333333-3333-3333-3333-333333333333} = {A1111111-1111-1111-1111-111111111111}
		{D4444444-4444-4444-4444-444444444444} = {A1111111-1111-1111-1111-111111111111}
		{E5555555-5555-5555-5555-555555555555} = {C3333333-3333-3333-3333-333333333333}
		{F6666666-6666-6666-6666-666666666666} = {E5555555-5555-5555-5555-555555555555}
		{10777777-7777-7777-7777-777777777777} = {E5555555-5555-5555-5555-555555555555}
		{11888888-8888-8888-8888-888888888888} = {E5555555-5555-5555-5555-555555555555}
		{12999999-9999-9999-9999-999999999999} = {E5555555-5555-5555-5555-555555555555}
		{13AAAAAA-AAAA-AAAA-AAAA-AAAAAAAAAAAA} = {C3333333-3333-3333-3333-333333333333}
		{14BBBBBB-BBBB-BBBB-BBBB-BBBBBBBBBBBB} = {13AAAAAA-AAAA-AAAA-AAAA-AAAAAAAAAAAA}
		{15CCCCCC-CCCC-CCCC-CCCC-CCCCCCCCCCCC} = {13AAAAAA-AAAA-AAAA-AAAA-AAAAAAAAAAAA}
		{16DDDDDD-DDDD-DDDD-DDDD-DDDDDDDDDDDD} = {13AAAAAA-AAAA-AAAA-AAAA-AAAAAAAAAAAA}
		{17EEEEEE-EEEE-EEEE-EEEE-EEEEEEEEEEEE} = {13AAAAAA-AAAA-AAAA-AAAA-AAAAAAAAAAAA}
		{18FFFFFF-FFFF-FFFF-FFFF-FFFFFFFFFFFF} = {C3333333-3333-3333-3333-333333333333}
		{19000000-0000-0000-0000-000000000001} = {18FFFFFF-FFFF-FFFF-FFFF-FFFFFFFFFFFF}
		{19000000-0000-0000-0000-000000000002} = {18FFFFFF-FFFF-FFFF-FFFF-FFFFFFFFFFFF}
		{19000000-0000-0000-0000-000000000003} = {18FFFFFF-FFFF-FFFF-FFFF-FFFFFFFFFFFF}
		{19000000-0000-0000-0000-000000000004} = {18FFFFFF-FFFF-FFFF-FFFF-FFFFFFFFFFFF}
		{20000000-0000-0000-0000-000000000001} = {A1111111-1111-1111-1111-111111111111}
		{20000000-0000-0000-0000-000000000002} = {20000000-0000-0000-0000-000000000001}
		{20000000-0000-0000-0000-000000000003} = {20000000-0000-0000-0000-000000000001}
		{30000000-0000-0000-0000-000000000001} = {B2222222-2222-2222-2222-222222222222}
		{30000000-0000-0000-0000-000000000002} = {B2222222-2222-2222-2222-222222222222}
		{30000000-0000-0000-0000-000000000003} = {B2222222-2222-2222-2222-222222222222}
		{30000000-0000-0000-0000-000000000004} = {B2222222-2222-2222-2222-222222222222}
		{30000000-0000-0000-0000-000000000006} = {B2222222-2222-2222-2222-222222222222}
	EndGlobalSection
	GlobalSection(ExtensibilityGlobals) = postSolution
		SolutionGuid = {2AD48097-684B-4C79-8277-A5863E23C8CF}
	EndGlobalSection
EndGlobal
